// !$*UTF8*$!
{
	archiveVersion = 1;
	classes = {
	};
	objectVersion = 50;
	objects = {

/* Begin PBXBuildFile section */
		53530E8C21377CD90051D731 /* AppDelegate.m in Sources */ = {isa = PBXBuildFile; fileRef = 53530E8B21377CD90051D731 /* AppDelegate.m */; };
		53530E8F21377CD90051D731 /* ViewController.m in Sources */ = {isa = PBXBuildFile; fileRef = 53530E8E21377CD90051D731 /* ViewController.m */; };
		53530E9221377CD90051D731 /* Main.storyboard in Resources */ = {isa = PBXBuildFile; fileRef = 53530E9021377CD90051D731 /* Main.storyboard */; };
		53530E9421377CDC0051D731 /* Assets.xcassets in Resources */ = {isa = PBXBuildFile; fileRef = 53530E9321377CDC0051D731 /* Assets.xcassets */; };
		53530E9721377CDC0051D731 /* LaunchScreen.storyboard in Resources */ = {isa = PBXBuildFile; fileRef = 53530E9521377CDC0051D731 /* LaunchScreen.storyboard */; };
		53530E9A21377CDC0051D731 /* main.m in Sources */ = {isa = PBXBuildFile; fileRef = 53530E9921377CDC0051D731 /* main.m */; };
		53530EA421377CDC0051D731 /* LSPhotoSelectTests.m in Sources */ = {isa = PBXBuildFile; fileRef = 53530EA321377CDC0051D731 /* LSPhotoSelectTests.m */; };
		53530EAF21377CDC0051D731 /* LSPhotoSelectUITests.m in Sources */ = {isa = PBXBuildFile; fileRef = 53530EAE21377CDC0051D731 /* LSPhotoSelectUITests.m */; };
/* End PBXBuildFile section */

/* Begin PBXContainerItemProxy section */
		53530EA021377CDC0051D731 /* PBXContainerItemProxy */ = {
			isa = PBXContainerItemProxy;
			containerPortal = 53530E7F21377CD90051D731 /* Project object */;
			proxyType = 1;
			remoteGlobalIDString = 53530E8621377CD90051D731;
			remoteInfo = LSPhotoSelect;
		};
		53530EAB21377CDC0051D731 /* PBXContainerItemProxy */ = {
			isa = PBXContainerItemProxy;
			containerPortal = 53530E7F21377CD90051D731 /* Project object */;
			proxyType = 1;
			remoteGlobalIDString = 53530E8621377CD90051D731;
			remoteInfo = LSPhotoSelect;
		};
/* End PBXContainerItemProxy section */

/* Begin PBXFileReference section */
		53530E8721377CD90051D731 /* LSPhotoSelect.app */ = {isa = PBXFileReference; explicitFileType = wrapper.application; includeInIndex = 0; path = LSPhotoSelect.app; sourceTree = BUILT_PRODUCTS_DIR; };
		53530E8A21377CD90051D731 /* AppDelegate.h */ = {isa = PBXFileReference; lastKnownFileType = sourcecode.c.h; path = AppDelegate.h; sourceTree = "<group>"; };
		53530E8B21377CD90051D731 /* AppDelegate.m */ = {isa = PBXFileReference; lastKnownFileType = sourcecode.c.objc; path = AppDelegate.m; sourceTree = "<group>"; };
		53530E8D21377CD90051D731 /* ViewController.h */ = {isa = PBXFileReference; lastKnownFileType = sourcecode.c.h; path = ViewController.h; sourceTree = "<group>"; };
		53530E8E21377CD90051D731 /* ViewController.m */ = {isa = PBXFileReference; lastKnownFileType = sourcecode.c.objc; path = ViewController.m; sourceTree = "<group>"; };
		53530E9121377CD90051D731 /* Base */ = {isa = PBXFileReference; lastKnownFileType = file.storyboard; name = Base; path = Base.lproj/Main.storyboard; sourceTree = "<group>"; };
		53530E9321377CDC0051D731 /* Assets.xcassets */ = {isa = PBXFileReference; lastKnownFileType = folder.assetcatalog; path = Assets.xcassets; sourceTree = "<group>"; };
		53530E9621377CDC0051D731 /* Base */ = {isa = PBXFileReference; lastKnownFileType = file.storyboard; name = Base; path = Base.lproj/LaunchScreen.storyboard; sourceTree = "<group>"; };
		53530E9821377CDC0051D731 /* Info.plist */ = {isa = PBXFileReference; lastKnownFileType = text.plist.xml; path = Info.plist; sourceTree = "<group>"; };
		53530E9921377CDC0051D731 /* main.m */ = {isa = PBXFileReference; lastKnownFileType = sourcecode.c.objc; path = main.m; sourceTree = "<group>"; };
		53530E9F21377CDC0051D731 /* LSPhotoSelectTests.xctest */ = {isa = PBXFileReference; explicitFileType = wrapper.cfbundle; includeInIndex = 0; path = LSPhotoSelectTests.xctest; sourceTree = BUILT_PRODUCTS_DIR; };
		53530EA321377CDC0051D731 /* LSPhotoSelectTests.m */ = {isa = PBXFileReference; lastKnownFileType = sourcecode.c.objc; path = LSPhotoSelectTests.m; sourceTree = "<group>"; };
		53530EA521377CDC0051D731 /* Info.plist */ = {isa = PBXFileReference; lastKnownFileType = text.plist.xml; path = Info.plist; sourceTree = "<group>"; };
		53530EAA21377CDC0051D731 /* LSPhotoSelectUITests.xctest */ = {isa = PBXFileReference; explicitFileType = wrapper.cfbundle; includeInIndex = 0; path = LSPhotoSelectUITests.xctest; sourceTree = BUILT_PRODUCTS_DIR; };
		53530EAE21377CDC0051D731 /* LSPhotoSelectUITests.m */ = {isa = PBXFileReference; lastKnownFileType = sourcecode.c.objc; path = LSPhotoSelectUITests.m; sourceTree = "<group>"; };
		53530EB021377CDC0051D731 /* Info.plist */ = {isa = PBXFileReference; lastKnownFileType = text.plist.xml; path = Info.plist; sourceTree = "<group>"; };
/* End PBXFileReference section */

/* Begin PBXFrameworksBuildPhase section */
		53530E8421377CD90051D731 /* Frameworks */ = {
			isa = PBXFrameworksBuildPhase;
			buildActionMask = 2147483647;
			files = (
			);
			runOnlyForDeploymentPostprocessing = 0;
		};
		53530E9C21377CDC0051D731 /* Frameworks */ = {
			isa = PBXFrameworksBuildPhase;
			buildActionMask = 2147483647;
			files = (
			);
			runOnlyForDeploymentPostprocessing = 0;
		};
		53530EA721377CDC0051D731 /* Frameworks */ = {
			isa = PBXFrameworksBuildPhase;
			buildActionMask = 2147483647;
			files = (
			);
			runOnlyForDeploymentPostprocessing = 0;
		};
/* End PBXFrameworksBuildPhase section */

/* Begin PBXGroup section */
		53530E7E21377CD90051D731 = {
			isa = PBXGroup;
			children = (
				53530E8921377CD90051D731 /* LSPhotoSelect */,
				53530EA221377CDC0051D731 /* LSPhotoSelectTests */,
				53530EAD21377CDC0051D731 /* LSPhotoSelectUITests */,
				53530E8821377CD90051D731 /* Products */,
			);
			sourceTree = "<group>";
		};
		53530E8821377CD90051D731 /* Products */ = {
			isa = PBXGroup;
			children = (
				53530E8721377CD90051D731 /* LSPhotoSelect.app */,
				53530E9F21377CDC0051D731 /* LSPhotoSelectTests.xctest */,
				53530EAA21377CDC0051D731 /* LSPhotoSelectUITests.xctest */,
			);
			name = Products;
			sourceTree = "<group>";
		};
		53530E8921377CD90051D731 /* LSPhotoSelect */ = {
			isa = PBXGroup;
			children = (
				53530E8A21377CD90051D731 /* AppDelegate.h */,
				53530E8B21377CD90051D731 /* AppDelegate.m */,
				53530E8D21377CD90051D731 /* ViewController.h */,
				53530E8E21377CD90051D731 /* ViewController.m */,
				53530E9021377CD90051D731 /* Main.storyboard */,
				53530E9321377CDC0051D731 /* Assets.xcassets */,
				53530E9521377CDC0051D731 /* LaunchScreen.storyboard */,
				53530E9821377CDC0051D731 /* Info.plist */,
				53530E9921377CDC0051D731 /* main.m */,
			);
			path = LSPhotoSelect;
			sourceTree = "<group>";
		};
		53530EA221377CDC0051D731 /* LSPhotoSelectTests */ = {
			isa = PBXGroup;
			children = (
				53530EA321377CDC0051D731 /* LSPhotoSelectTests.m */,
				53530EA521377CDC0051D731 /* Info.plist */,
			);
			path = LSPhotoSelectTests;
			sourceTree = "<group>";
		};
		53530EAD21377CDC0051D731 /* LSPhotoSelectUITests */ = {
			isa = PBXGroup;
			children = (
				53530EAE21377CDC0051D731 /* LSPhotoSelectUITests.m */,
				53530EB021377CDC0051D731 /* Info.plist */,
			);
			path = LSPhotoSelectUITests;
			sourceTree = "<group>";
		};
/* End PBXGroup section */

/* Begin PBXNativeTarget section */
		53530E8621377CD90051D731 /* LSPhotoSelect */ = {
			isa = PBXNativeTarget;
			buildConfigurationList = 53530EB321377CDC0051D731 /* Build configuration list for PBXNativeTarget "LSPhotoSelect" */;
			buildPhases = (
				53530E8321377CD90051D731 /* Sources */,
				53530E8421377CD90051D731 /* Frameworks */,
				53530E8521377CD90051D731 /* Resources */,
			);
			buildRules = (
			);
			dependencies = (
			);
			name = LSPhotoSelect;
			productName = LSPhotoSelect;
			productReference = 53530E8721377CD90051D731 /* LSPhotoSelect.app */;
			productType = "com.apple.product-type.application";
		};
		53530E9E21377CDC0051D731 /* LSPhotoSelectTests */ = {
			isa = PBXNativeTarget;
			buildConfigurationList = 53530EB621377CDC0051D731 /* Build configuration list for PBXNativeTarget "LSPhotoSelectTests" */;
			buildPhases = (
				53530E9B21377CDC0051D731 /* Sources */,
				53530E9C21377CDC0051D731 /* Frameworks */,
				53530E9D21377CDC0051D731 /* Resources */,
			);
			buildRules = (
			);
			dependencies = (
				53530EA121377CDC0051D731 /* PBXTargetDependency */,
			);
			name = LSPhotoSelectTests;
			productName = LSPhotoSelectTests;
			productReference = 53530E9F21377CDC0051D731 /* LSPhotoSelectTests.xctest */;
			productType = "com.apple.product-type.bundle.unit-test";
		};
		53530EA921377CDC0051D731 /* LSPhotoSelectUITests */ = {
			isa = PBXNativeTarget;
			buildConfigurationList = 53530EB921377CDC0051D731 /* Build configuration list for PBXNativeTarget "LSPhotoSelectUITests" */;
			buildPhases = (
				53530EA621377CDC0051D731 /* Sources */,
				53530EA721377CDC0051D731 /* Frameworks */,
				53530EA821377CDC0051D731 /* Resources */,
			);
			buildRules = (
			);
			dependencies = (
				53530EAC21377CDC0051D731 /* PBXTargetDependency */,
			);
			name = LSPhotoSelectUITests;
			productName = LSPhotoSelectUITests;
			productReference = 53530EAA21377CDC0051D731 /* LSPhotoSelectUITests.xctest */;
			productType = "com.apple.product-type.bundle.ui-testing";
		};
/* End PBXNativeTarget section */

/* Begin PBXProject section */
		53530E7F21377CD90051D731 /* Project object */ = {
			isa = PBXProject;
			attributes = {
				LastUpgradeCheck = 0940;
				ORGANIZATIONNAME = "Shuang Lau";
				TargetAttributes = {
					53530E8621377CD90051D731 = {
						CreatedOnToolsVersion = 9.4.1;
					};
					53530E9E21377CDC0051D731 = {
						CreatedOnToolsVersion = 9.4.1;
						TestTargetID = 53530E8621377CD90051D731;
					};
					53530EA921377CDC0051D731 = {
						CreatedOnToolsVersion = 9.4.1;
						TestTargetID = 53530E8621377CD90051D731;
					};
				};
			};
			buildConfigurationList = 53530E8221377CD90051D731 /* Build configuration list for PBXProject "LSPhotoSelect" */;
			compatibilityVersion = "Xcode 9.3";
			developmentRegion = en;
			hasScannedForEncodings = 0;
			knownRegions = (
				en,
				Base,
			);
			mainGroup = 53530E7E21377CD90051D731;
			productRefGroup = 53530E8821377CD90051D731 /* Products */;
			projectDirPath = "";
			projectRoot = "";
			targets = (
				53530E8621377CD90051D731 /* LSPhotoSelect */,
				53530E9E21377CDC0051D731 /* LSPhotoSelectTests */,
				53530EA921377CDC0051D731 /* LSPhotoSelectUITests */,
			);
		};
/* End PBXProject section */

/* Begin PBXResourcesBuildPhase section */
		53530E8521377CD90051D731 /* Resources */ = {
			isa = PBXResourcesBuildPhase;
			buildActionMask = 2147483647;
			files = (
				53530E9721377CDC0051D731 /* LaunchScreen.storyboard in Resources */,
				53530E9421377CDC0051D731 /* Assets.xcassets in Resources */,
				53530E9221377CD90051D731 /* Main.storyboard in Resources */,
			);
			runOnlyForDeploymentPostprocessing = 0;
		};
		53530E9D21377CDC0051D731 /* Resources */ = {
			isa = PBXResourcesBuildPhase;
			buildActionMask = 2147483647;
			files = (
			);
			runOnlyForDeploymentPostprocessing = 0;
		};
		53530EA821377CDC0051D731 /* Resources */ = {
			isa = PBXResourcesBuildPhase;
			buildActionMask = 2147483647;
			files = (
			);
			runOnlyForDeploymentPostprocessing = 0;
		};
/* End PBXResourcesBuildPhase section */

/* Begin PBXSourcesBuildPhase section */
		53530E8321377CD90051D731 /* Sources */ = {
			isa = PBXSourcesBuildPhase;
			buildActionMask = 2147483647;
			files = (
				53530E8F21377CD90051D731 /* ViewController.m in Sources */,
				53530E9A21377CDC0051D731 /* main.m in Sources */,
				53530E8C21377CD90051D731 /* AppDelegate.m in Sources */,
			);
			runOnlyForDeploymentPostprocessing = 0;
		};
		53530E9B21377CDC0051D731 /* Sources */ = {
			isa = PBXSourcesBuildPhase;
			buildActionMask = 2147483647;
			files = (
				53530EA421377CDC0051D731 /* LSPhotoSelectTests.m in Sources */,
			);
			runOnlyForDeploymentPostprocessing = 0;
		};
		53530EA621377CDC0051D731 /* Sources */ = {
			isa = PBXSourcesBuildPhase;
			buildActionMask = 2147483647;
			files = (
				53530EAF21377CDC0051D731 /* LSPhotoSelectUITests.m in Sources */,
			);
			runOnlyForDeploymentPostprocessing = 0;
		};
/* End PBXSourcesBuildPhase section */

/* Begin PBXTargetDependency section */
		53530EA121377CDC0051D731 /* PBXTargetDependency */ = {
			isa = PBXTargetDependency;
			target = 53530E8621377CD90051D731 /* LSPhotoSelect */;
			targetProxy = 53530EA021377CDC0051D731 /* PBXContainerItemProxy */;
		};
		53530EAC21377CDC0051D731 /* PBXTargetDependency */ = {
			isa = PBXTargetDependency;
			target = 53530E8621377CD90051D731 /* LSPhotoSelect */;
			targetProxy = 53530EAB21377CDC0051D731 /* PBXContainerItemProxy */;
		};
/* End PBXTargetDependency section */

/* Begin PBXVariantGroup section */
		53530E9021377CD90051D731 /* Main.storyboard */ = {
			isa = PBXVariantGroup;
			children = (
				53530E9121377CD90051D731 /* Base */,
			);
			name = Main.storyboard;
			sourceTree = "<group>";
		};
		53530E9521377CDC0051D731 /* LaunchScreen.storyboard */ = {
			isa = PBXVariantGroup;
			children = (
				53530E9621377CDC0051D731 /* Base */,
			);
			name = LaunchScreen.storyboard;
			sourceTree = "<group>";
		};
/* End PBXVariantGroup section */

/* Begin XCBuildConfiguration section */
		53530EB121377CDC0051D731 /* Debug */ = {
			isa = XCBuildConfiguration;
			buildSettings = {
				ALWAYS_SEARCH_USER_PATHS = NO;
				CLANG_ANALYZER_NONNULL = YES;
				CLANG_ANALYZER_NUMBER_OBJECT_CONVERSION = YES_AGGRESSIVE;
				CLANG_CXX_LANGUAGE_STANDARD = "gnu++14";
				CLANG_CXX_LIBRARY = "libc++";
				CLANG_ENABLE_MODULES = YES;
				CLANG_ENABLE_OBJC_ARC = YES;
				CLANG_ENABLE_OBJC_WEAK = YES;
				CLANG_WARN_BLOCK_CAPTURE_AUTORELEASING = YES;
				CLANG_WARN_BOOL_CONVERSION = YES;
				CLANG_WARN_COMMA = YES;
				CLANG_WARN_CONSTANT_CONVERSION = YES;
				CLANG_WARN_DEPRECATED_OBJC_IMPLEMENTATIONS = YES;
				CLANG_WARN_DIRECT_OBJC_ISA_USAGE = YES_ERROR;
				CLANG_WARN_DOCUMENTATION_COMMENTS = YES;
				CLANG_WARN_EMPTY_BODY = YES;
				CLANG_WARN_ENUM_CONVERSION = YES;
				CLANG_WARN_INFINITE_RECURSION = YES;
				CLANG_WARN_INT_CONVERSION = YES;
				CLANG_WARN_NON_LITERAL_NULL_CONVERSION = YES;
				CLANG_WARN_OBJC_IMPLICIT_RETAIN_SELF = YES;
				CLANG_WARN_OBJC_LITERAL_CONVERSION = YES;
				CLANG_WARN_OBJC_ROOT_CLASS = YES_ERROR;
				CLANG_WARN_RANGE_LOOP_ANALYSIS = YES;
				CLANG_WARN_STRICT_PROTOTYPES = YES;
				CLANG_WARN_SUSPICIOUS_MOVE = YES;
				CLANG_WARN_UNGUARDED_AVAILABILITY = YES_AGGRESSIVE;
				CLANG_WARN_UNREACHABLE_CODE = YES;
				CLANG_WARN__DUPLICATE_METHOD_MATCH = YES;
				CODE_SIGN_IDENTITY = "iPhone Developer";
				COPY_PHASE_STRIP = NO;
				DEBUG_INFORMATION_FORMAT = dwarf;
				ENABLE_STRICT_OBJC_MSGSEND = YES;
				ENABLE_TESTABILITY = YES;
				GCC_C_LANGUAGE_STANDARD = gnu11;
				GCC_DYNAMIC_NO_PIC = NO;
				GCC_NO_COMMON_BLOCKS = YES;
				GCC_OPTIMIZATION_LEVEL = 0;
				GCC_PREPROCESSOR_DEFINITIONS = (
					"DEBUG=1",
					"$(inherited)",
				);
				GCC_WARN_64_TO_32_BIT_CONVERSION = YES;
				GCC_WARN_ABOUT_RETURN_TYPE = YES_ERROR;
				GCC_WARN_UNDECLARED_SELECTOR = YES;
				GCC_WARN_UNINITIALIZED_AUTOS = YES_AGGRESSIVE;
				GCC_WARN_UNUSED_FUNCTION = YES;
				GCC_WARN_UNUSED_VARIABLE = YES;
				IPHONEOS_DEPLOYMENT_TARGET = 11.4;
				MTL_ENABLE_DEBUG_INFO = YES;
				ONLY_ACTIVE_ARCH = YES;
				SDKROOT = iphoneos;
			};
			name = Debug;
		};
		53530EB221377CDC0051D731 /* Release */ = {
			isa = XCBuildConfiguration;
			buildSettings = {
				ALWAYS_SEARCH_USER_PATHS = NO;
				CLANG_ANALYZER_NONNULL = YES;
				CLANG_ANALYZER_NUMBER_OBJECT_CONVERSION = YES_AGGRESSIVE;
				CLANG_CXX_LANGUAGE_STANDARD = "gnu++14";
				CLANG_CXX_LIBRARY = "libc++";
				CLANG_ENABLE_MODULES = YES;
				CLANG_ENABLE_OBJC_ARC = YES;
				CLANG_ENABLE_OBJC_WEAK = YES;
				CLANG_WARN_BLOCK_CAPTURE_AUTORELEASING = YES;
				CLANG_WARN_BOOL_CONVERSION = YES;
				CLANG_WARN_COMMA = YES;
				CLANG_WARN_CONSTANT_CONVERSION = YES;
				CLANG_WARN_DEPRECATED_OBJC_IMPLEMENTATIONS = YES;
				CLANG_WARN_DIRECT_OBJC_ISA_USAGE = YES_ERROR;
				CLANG_WARN_DOCUMENTATION_COMMENTS = YES;
				CLANG_WARN_EMPTY_BODY = YES;
				CLANG_WARN_ENUM_CONVERSION = YES;
				CLANG_WARN_INFINITE_RECURSION = YES;
				CLANG_WARN_INT_CONVERSION = YES;
				CLANG_WARN_NON_LITERAL_NULL_CONVERSION = YES;
				CLANG_WARN_OBJC_IMPLICIT_RETAIN_SELF = YES;
				CLANG_WARN_OBJC_LITERAL_CONVERSION = YES;
				CLANG_WARN_OBJC_ROOT_CLASS = YES_ERROR;
				CLANG_WARN_RANGE_LOOP_ANALYSIS = YES;
				CLANG_WARN_STRICT_PROTOTYPES = YES;
				CLANG_WARN_SUSPICIOUS_MOVE = YES;
				CLANG_WARN_UNGUARDED_AVAILABILITY = YES_AGGRESSIVE;
				CLANG_WARN_UNREACHABLE_CODE = YES;
				CLANG_WARN__DUPLICATE_METHOD_MATCH = YES;
				CODE_SIGN_IDENTITY = "iPhone Developer";
				COPY_PHASE_STRIP = NO;
				DEBUG_INFORMATION_FORMAT = "dwarf-with-dsym";
				ENABLE_NS_ASSERTIONS = NO;
				ENABLE_STRICT_OBJC_MSGSEND = YES;
				GCC_C_LANGUAGE_STANDARD = gnu11;
				GCC_NO_COMMON_BLOCKS = YES;
				GCC_WARN_64_TO_32_BIT_CONVERSION = YES;
				GCC_WARN_ABOUT_RETURN_TYPE = YES_ERROR;
				GCC_WARN_UNDECLARED_SELECTOR = YES;
				GCC_WARN_UNINITIALIZED_AUTOS = YES_AGGRESSIVE;
				GCC_WARN_UNUSED_FUNCTION = YES;
				GCC_WARN_UNUSED_VARIABLE = YES;
				IPHONEOS_DEPLOYMENT_TARGET = 11.4;
				MTL_ENABLE_DEBUG_INFO = NO;
				SDKROOT = iphoneos;
				VALIDATE_PRODUCT = YES;
			};
			name = Release;
		};
		53530EB421377CDC0051D731 /* Debug */ = {
			isa = XCBuildConfiguration;
			buildSettings = {
				ASSETCATALOG_COMPILER_APPICON_NAME = AppIcon;
				CODE_SIGN_STYLE = Automatic;
				DEVELOPMENT_TEAM = 5C6T98C8KA;
				INFOPLIST_FILE = LSPhotoSelect/Info.plist;
				LD_RUNPATH_SEARCH_PATHS = (
					"$(inherited)",
					"@executable_path/Frameworks",
				);
				PRODUCT_BUNDLE_IDENTIFIER = Lius.LSPhotoSelect;
				PRODUCT_NAME = "$(TARGET_NAME)";
				TARGETED_DEVICE_FAMILY = "1,2";
			};
			name = Debug;
		};
		53530EB521377CDC0051D731 /* Release */ = {
			isa = XCBuildConfiguration;
			buildSettings = {
				ASSETCATALOG_COMPILER_APPICON_NAME = AppIcon;
				CODE_SIGN_STYLE = Automatic;
				DEVELOPMENT_TEAM = 5C6T98C8KA;
				INFOPLIST_FILE = LSPhotoSelect/Info.plist;
				LD_RUNPATH_SEARCH_PATHS = (
					"$(inherited)",
					"@executable_path/Frameworks",
				);
				PRODUCT_BUNDLE_IDENTIFIER = Lius.LSPhotoSelect;
				PRODUCT_NAME = "$(TARGET_NAME)";
				TARGETED_DEVICE_FAMILY = "1,2";
			};
			name = Release;
		};
		53530EB721377CDC0051D731 /* Debug */ = {
			isa = XCBuildConfiguration;
			buildSettings = {
				BUNDLE_LOADER = "$(TEST_HOST)";
				CODE_SIGN_STYLE = Automatic;
				DEVELOPMENT_TEAM = 5C6T98C8KA;
				INFOPLIST_FILE = LSPhotoSelectTests/Info.plist;
				LD_RUNPATH_SEARCH_PATHS = (
					"$(inherited)",
					"@executable_path/Frameworks",
					"@loader_path/Frameworks",
				);
				PRODUCT_BUNDLE_IDENTIFIER = Lius.LSPhotoSelectTests;
				PRODUCT_NAME = "$(TARGET_NAME)";
				TARGETED_DEVICE_FAMILY = "1,2";
				TEST_HOST = "$(BUILT_PRODUCTS_DIR)/LSPhotoSelect.app/LSPhotoSelect";
			};
			name = Debug;
		};
		53530EB821377CDC0051D731 /* Release */ = {
			isa = XCBuildConfiguration;
			buildSettings = {
				BUNDLE_LOADER = "$(TEST_HOST)";
				CODE_SIGN_STYLE = Automatic;
				DEVELOPMENT_TEAM = 5C6T98C8KA;
				INFOPLIST_FILE = LSPhotoSelectTests/Info.plist;
				LD_RUNPATH_SEARCH_PATHS = (
					"$(inherited)",
					"@executable_path/Frameworks",
					"@loader_path/Frameworks",
				);
				PRODUCT_BUNDLE_IDENTIFIER = Lius.LSPhotoSelectTests;
				PRODUCT_NAME = "$(TARGET_NAME)";
				TARGETED_DEVICE_FAMILY = "1,2";
				TEST_HOST = "$(BUILT_PRODUCTS_DIR)/LSPhotoSelect.app/LSPhotoSelect";
			};
			name = Release;
		};
		53530EBA21377CDC0051D731 /* Debug */ = {
			isa = XCBuildConfiguration;
			buildSettings = {
				CODE_SIGN_STYLE = Automatic;
				DEVELOPMENT_TEAM = 5C6T98C8KA;
				INFOPLIST_FILE = LSPhotoSelectUITests/Info.plist;
				LD_RUNPATH_SEARCH_PATHS = (
					"$(inherited)",
					"@executable_path/Frameworks",
					"@loader_path/Frameworks",
				);
				PRODUCT_BUNDLE_IDENTIFIER = Lius.LSPhotoSelectUITests;
				PRODUCT_NAME = "$(TARGET_NAME)";
				TARGETED_DEVICE_FAMILY = "1,2";
				TEST_TARGET_NAME = LSPhotoSelect;
			};
			name = Debug;
		};
		53530EBB21377CDC0051D731 /* Release */ = {
			isa = XCBuildConfiguration;
			buildSettings = {
				CODE_SIGN_STYLE = Automatic;
				DEVELOPMENT_TEAM = 5C6T98C8KA;
				INFOPLIST_FILE = LSPhotoSelectUITests/Info.plist;
				LD_RUNPATH_SEARCH_PATHS = (
					"$(inherited)",
					"@executable_path/Frameworks",
					"@loader_path/Frameworks",
				);
				PRODUCT_BUNDLE_IDENTIFIER = Lius.LSPhotoSelectUITests;
				PRODUCT_NAME = "$(TARGET_NAME)";
				TARGETED_DEVICE_FAMILY = "1,2";
				TEST_TARGET_NAME = LSPhotoSelect;
			};
			name = Release;
		};
/* End XCBuildConfiguration section */

/* Begin XCConfigurationList section */
		53530E8221377CD90051D731 /* Build configuration list for PBXProject "LSPhotoSelect" */ = {
			isa = XCConfigurationList;
			buildConfigurations = (
				53530EB121377CDC0051D731 /* Debug */,
				53530EB221377CDC0051D731 /* Release */,
			);
			defaultConfigurationIsVisible = 0;
			defaultConfigurationName = Release;
		};
		53530EB321377CDC0051D731 /* Build configuration list for PBXNativeTarget "LSPhotoSelect" */ = {
			isa = XCConfigurationList;
			buildConfigurations = (
				53530EB421377CDC0051D731 /* Debug */,
				53530EB521377CDC0051D731 /* Release */,
			);
			defaultConfigurationIsVisible = 0;
			defaultConfigurationName = Release;
		};
		53530EB621377CDC0051D731 /* Build configuration list for PBXNativeTarget "LSPhotoSelectTests" */ = {
			isa = XCConfigurationList;
			buildConfigurations = (
				53530EB721377CDC0051D731 /* Debug */,
				53530EB821377CDC0051D731 /* Release */,
			);
			defaultConfigurationIsVisible = 0;
			defaultConfigurationName = Release;
		};
		53530EB921377CDC0051D731 /* Build configuration list for PBXNativeTarget "LSPhotoSelectUITests" */ = {
			isa = XCConfigurationList;
			buildConfigurations = (
				53530EBA21377CDC0051D731 /* Debug */,
				53530EBB21377CDC0051D731 /* Release */,
			);
			defaultConfigurationIsVisible = 0;
			defaultConfigurationName = Release;
		};
/* End XCConfigurationList section */
	};
	rootObject = 53530E7F21377CD90051D731 /* Project object */;
}
