// !$*UTF8*$!
{
	archiveVersion = 1;
	classes = {
	};
	objectVersion = 50;
	objects = {

/* Begin PBXBuildFile section */
		1B11BC066B221BD1FA3D30B4 /* libPods-LSPhotoSelectTests.a in Frameworks */ = {isa = PBXBuildFile; fileRef = 06E67A0BC68F267A7D9E2DFE /* libPods-LSPhotoSelectTests.a */; };
		5321500C2140DB61006C058E /* LSAssetCollectionToolBar.m in Sources */ = {isa = PBXBuildFile; fileRef = 5321500B2140DB61006C058E /* LSAssetCollectionToolBar.m */; };
		53530E8C21377CD90051D731 /* AppDelegate.m in Sources */ = {isa = PBXBuildFile; fileRef = 53530E8B21377CD90051D731 /* AppDelegate.m */; };
		53530E8F21377CD90051D731 /* ViewController.m in Sources */ = {isa = PBXBuildFile; fileRef = 53530E8E21377CD90051D731 /* ViewController.m */; };
		53530E9221377CD90051D731 /* Main.storyboard in Resources */ = {isa = PBXBuildFile; fileRef = 53530E9021377CD90051D731 /* Main.storyboard */; };
		53530E9421377CDC0051D731 /* Assets.xcassets in Resources */ = {isa = PBXBuildFile; fileRef = 53530E9321377CDC0051D731 /* Assets.xcassets */; };
		53530E9721377CDC0051D731 /* LaunchScreen.storyboard in Resources */ = {isa = PBXBuildFile; fileRef = 53530E9521377CDC0051D731 /* LaunchScreen.storyboard */; };
		53530E9A21377CDC0051D731 /* main.m in Sources */ = {isa = PBXBuildFile; fileRef = 53530E9921377CDC0051D731 /* main.m */; };
		53530EA421377CDC0051D731 /* LSPhotoSelectTests.m in Sources */ = {isa = PBXBuildFile; fileRef = 53530EA321377CDC0051D731 /* LSPhotoSelectTests.m */; };
		53530EAF21377CDC0051D731 /* LSPhotoSelectUITests.m in Sources */ = {isa = PBXBuildFile; fileRef = 53530EAE21377CDC0051D731 /* LSPhotoSelectUITests.m */; };
		53536B162138D2BB005D6A0C /* LSAlbumModel.m in Sources */ = {isa = PBXBuildFile; fileRef = 53536B152138D2BB005D6A0C /* LSAlbumModel.m */; };
		53536B192138D5C3005D6A0C /* LSAlbumListCell.m in Sources */ = {isa = PBXBuildFile; fileRef = 53536B182138D5C3005D6A0C /* LSAlbumListCell.m */; };
		53536B1E213920E7005D6A0C /* LSAssetItemCell.m in Sources */ = {isa = PBXBuildFile; fileRef = 53536B1D213920E7005D6A0C /* LSAssetItemCell.m */; };
		536369D6213D315F003446DF /* NSIndexSet+LSAdd.m in Sources */ = {isa = PBXBuildFile; fileRef = 536369D5213D315F003446DF /* NSIndexSet+LSAdd.m */; };
		53A52D532137C0460061ECAD /* LSAssetCollectionListVC.m in Sources */ = {isa = PBXBuildFile; fileRef = 53A52D522137C0460061ECAD /* LSAssetCollectionListVC.m */; };
		53A52D562137C05E0061ECAD /* LSAssetCollectionVC.m in Sources */ = {isa = PBXBuildFile; fileRef = 53A52D552137C05E0061ECAD /* LSAssetCollectionVC.m */; };
		53A52D602137C4130061ECAD /* LSPhotoSelectNavC.m in Sources */ = {isa = PBXBuildFile; fileRef = 53A52D5F2137C4130061ECAD /* LSPhotoSelectNavC.m */; };
		53A52D652137E8B90061ECAD /* UIViewController+LSAuthorization.m in Sources */ = {isa = PBXBuildFile; fileRef = 53A52D642137E8B90061ECAD /* UIViewController+LSAuthorization.m */; };
		53B44CA0214F4FE300ECA86D /* LSSaveToAlbum.m in Sources */ = {isa = PBXBuildFile; fileRef = 53B44C9F214F4FE300ECA86D /* LSSaveToAlbum.m */; };
		53B44CA3214F575400ECA86D /* NSObject+LSAuthorization.m in Sources */ = {isa = PBXBuildFile; fileRef = 53B44CA2214F575400ECA86D /* NSObject+LSAuthorization.m */; };
		54979C184CF5D77EF36CBE63 /* libPods-LSPhotoSelect.a in Frameworks */ = {isa = PBXBuildFile; fileRef = DEEE204A99829E0CA18D2710 /* libPods-LSPhotoSelect.a */; };
		9A6DC4EB74F8EF1295BBE9DC /* libPods-LSPhotoSelectUITests.a in Frameworks */ = {isa = PBXBuildFile; fileRef = 9A2BB3357F2B8BF746E3F04A /* libPods-LSPhotoSelectUITests.a */; };
/* End PBXBuildFile section */

/* Begin PBXContainerItemProxy section */
		53530EA021377CDC0051D731 /* PBXContainerItemProxy */ = {
			isa = PBXContainerItemProxy;
			containerPortal = 53530E7F21377CD90051D731 /* Project object */;
			proxyType = 1;
			remoteGlobalIDString = 53530E8621377CD90051D731;
			remoteInfo = LSPhotoSelect;
		};
		53530EAB21377CDC0051D731 /* PBXContainerItemProxy */ = {
			isa = PBXContainerItemProxy;
			containerPortal = 53530E7F21377CD90051D731 /* Project object */;
			proxyType = 1;
			remoteGlobalIDString = 53530E8621377CD90051D731;
			remoteInfo = LSPhotoSelect;
		};
/* End PBXContainerItemProxy section */

/* Begin PBXFileReference section */
		06E67A0BC68F267A7D9E2DFE /* libPods-LSPhotoSelectTests.a */ = {isa = PBXFileReference; explicitFileType = archive.ar; includeInIndex = 0; path = "libPods-LSPhotoSelectTests.a"; sourceTree = BUILT_PRODUCTS_DIR; };
		3FD9EEEE95148A83BC6D17ED /* Pods-LSPhotoSelect.release.xcconfig */ = {isa = PBXFileReference; includeInIndex = 1; lastKnownFileType = text.xcconfig; name = "Pods-LSPhotoSelect.release.xcconfig"; path = "Pods/Target Support Files/Pods-LSPhotoSelect/Pods-LSPhotoSelect.release.xcconfig"; sourceTree = "<group>"; };
		5321500A2140DB61006C058E /* LSAssetCollectionToolBar.h */ = {isa = PBXFileReference; lastKnownFileType = sourcecode.c.h; path = LSAssetCollectionToolBar.h; sourceTree = "<group>"; };
		5321500B2140DB61006C058E /* LSAssetCollectionToolBar.m */ = {isa = PBXFileReference; lastKnownFileType = sourcecode.c.objc; path = LSAssetCollectionToolBar.m; sourceTree = "<group>"; };
		53530E8721377CD90051D731 /* LSPhotoSelect.app */ = {isa = PBXFileReference; explicitFileType = wrapper.application; includeInIndex = 0; path = LSPhotoSelect.app; sourceTree = BUILT_PRODUCTS_DIR; };
		53530E8A21377CD90051D731 /* AppDelegate.h */ = {isa = PBXFileReference; lastKnownFileType = sourcecode.c.h; path = AppDelegate.h; sourceTree = "<group>"; };
		53530E8B21377CD90051D731 /* AppDelegate.m */ = {isa = PBXFileReference; lastKnownFileType = sourcecode.c.objc; path = AppDelegate.m; sourceTree = "<group>"; };
		53530E8D21377CD90051D731 /* ViewController.h */ = {isa = PBXFileReference; lastKnownFileType = sourcecode.c.h; path = ViewController.h; sourceTree = "<group>"; };
		53530E8E21377CD90051D731 /* ViewController.m */ = {isa = PBXFileReference; lastKnownFileType = sourcecode.c.objc; path = ViewController.m; sourceTree = "<group>"; };
		53530E9121377CD90051D731 /* Base */ = {isa = PBXFileReference; lastKnownFileType = file.storyboard; name = Base; path = Base.lproj/Main.storyboard; sourceTree = "<group>"; };
		53530E9321377CDC0051D731 /* Assets.xcassets */ = {isa = PBXFileReference; lastKnownFileType = folder.assetcatalog; path = Assets.xcassets; sourceTree = "<group>"; };
		53530E9621377CDC0051D731 /* Base */ = {isa = PBXFileReference; lastKnownFileType = file.storyboard; name = Base; path = Base.lproj/LaunchScreen.storyboard; sourceTree = "<group>"; };
		53530E9821377CDC0051D731 /* Info.plist */ = {isa = PBXFileReference; lastKnownFileType = text.plist.xml; path = Info.plist; sourceTree = "<group>"; };
		53530E9921377CDC0051D731 /* main.m */ = {isa = PBXFileReference; lastKnownFileType = sourcecode.c.objc; path = main.m; sourceTree = "<group>"; };
		53530E9F21377CDC0051D731 /* LSPhotoSelectTests.xctest */ = {isa = PBXFileReference; explicitFileType = wrapper.cfbundle; includeInIndex = 0; path = LSPhotoSelectTests.xctest; sourceTree = BUILT_PRODUCTS_DIR; };
		53530EA321377CDC0051D731 /* LSPhotoSelectTests.m */ = {isa = PBXFileReference; lastKnownFileType = sourcecode.c.objc; path = LSPhotoSelectTests.m; sourceTree = "<group>"; };
		53530EA521377CDC0051D731 /* Info.plist */ = {isa = PBXFileReference; lastKnownFileType = text.plist.xml; path = Info.plist; sourceTree = "<group>"; };
		53530EAA21377CDC0051D731 /* LSPhotoSelectUITests.xctest */ = {isa = PBXFileReference; explicitFileType = wrapper.cfbundle; includeInIndex = 0; path = LSPhotoSelectUITests.xctest; sourceTree = BUILT_PRODUCTS_DIR; };
		53530EAE21377CDC0051D731 /* LSPhotoSelectUITests.m */ = {isa = PBXFileReference; lastKnownFileType = sourcecode.c.objc; path = LSPhotoSelectUITests.m; sourceTree = "<group>"; };
		53530EB021377CDC0051D731 /* Info.plist */ = {isa = PBXFileReference; lastKnownFileType = text.plist.xml; path = Info.plist; sourceTree = "<group>"; };
		53536B142138D2BB005D6A0C /* LSAlbumModel.h */ = {isa = PBXFileReference; lastKnownFileType = sourcecode.c.h; path = LSAlbumModel.h; sourceTree = "<group>"; };
		53536B152138D2BB005D6A0C /* LSAlbumModel.m */ = {isa = PBXFileReference; lastKnownFileType = sourcecode.c.objc; path = LSAlbumModel.m; sourceTree = "<group>"; };
		53536B172138D5C3005D6A0C /* LSAlbumListCell.h */ = {isa = PBXFileReference; lastKnownFileType = sourcecode.c.h; path = LSAlbumListCell.h; sourceTree = "<group>"; };
		53536B182138D5C3005D6A0C /* LSAlbumListCell.m */ = {isa = PBXFileReference; lastKnownFileType = sourcecode.c.objc; path = LSAlbumListCell.m; sourceTree = "<group>"; };
		53536B1A2138EA3E005D6A0C /* zh-Hans */ = {isa = PBXFileReference; lastKnownFileType = text.plist.strings; name = "zh-Hans"; path = "zh-Hans.lproj/Main.strings"; sourceTree = "<group>"; };
		53536B1B2138EA3E005D6A0C /* zh-Hans */ = {isa = PBXFileReference; lastKnownFileType = text.plist.strings; name = "zh-Hans"; path = "zh-Hans.lproj/LaunchScreen.strings"; sourceTree = "<group>"; };
		53536B1C213920E7005D6A0C /* LSAssetItemCell.h */ = {isa = PBXFileReference; lastKnownFileType = sourcecode.c.h; path = LSAssetItemCell.h; sourceTree = "<group>"; };
		53536B1D213920E7005D6A0C /* LSAssetItemCell.m */ = {isa = PBXFileReference; lastKnownFileType = sourcecode.c.objc; path = LSAssetItemCell.m; sourceTree = "<group>"; };
		536369D2213CD13C003446DF /* LSPhotoSelectEnums.h */ = {isa = PBXFileReference; lastKnownFileType = sourcecode.c.h; path = LSPhotoSelectEnums.h; sourceTree = "<group>"; };
		536369D4213D315F003446DF /* NSIndexSet+LSAdd.h */ = {isa = PBXFileReference; lastKnownFileType = sourcecode.c.h; path = "NSIndexSet+LSAdd.h"; sourceTree = "<group>"; };
		536369D5213D315F003446DF /* NSIndexSet+LSAdd.m */ = {isa = PBXFileReference; lastKnownFileType = sourcecode.c.objc; path = "NSIndexSet+LSAdd.m"; sourceTree = "<group>"; };
		536369D7213D32D2003446DF /* LSCategory.h */ = {isa = PBXFileReference; lastKnownFileType = sourcecode.c.h; path = LSCategory.h; sourceTree = "<group>"; };
		53A52D512137C0460061ECAD /* LSAssetCollectionListVC.h */ = {isa = PBXFileReference; lastKnownFileType = sourcecode.c.h; path = LSAssetCollectionListVC.h; sourceTree = "<group>"; };
		53A52D522137C0460061ECAD /* LSAssetCollectionListVC.m */ = {isa = PBXFileReference; lastKnownFileType = sourcecode.c.objc; path = LSAssetCollectionListVC.m; sourceTree = "<group>"; };
		53A52D542137C05E0061ECAD /* LSAssetCollectionVC.h */ = {isa = PBXFileReference; lastKnownFileType = sourcecode.c.h; path = LSAssetCollectionVC.h; sourceTree = "<group>"; };
		53A52D552137C05E0061ECAD /* LSAssetCollectionVC.m */ = {isa = PBXFileReference; lastKnownFileType = sourcecode.c.objc; path = LSAssetCollectionVC.m; sourceTree = "<group>"; };
		53A52D5B2137C11C0061ECAD /* LSPhotoBrowse.h */ = {isa = PBXFileReference; lastKnownFileType = sourcecode.c.h; path = LSPhotoBrowse.h; sourceTree = "<group>"; };
		53A52D5C2137C12F0061ECAD /* LSPhotoSelect.h */ = {isa = PBXFileReference; lastKnownFileType = sourcecode.c.h; path = LSPhotoSelect.h; sourceTree = "<group>"; };
		53A52D5D2137C1AF0061ECAD /* LSPhotoSelector.h */ = {isa = PBXFileReference; lastKnownFileType = sourcecode.c.h; path = LSPhotoSelector.h; sourceTree = "<group>"; };
		53A52D5E2137C4130061ECAD /* LSPhotoSelectNavC.h */ = {isa = PBXFileReference; lastKnownFileType = sourcecode.c.h; path = LSPhotoSelectNavC.h; sourceTree = "<group>"; };
		53A52D5F2137C4130061ECAD /* LSPhotoSelectNavC.m */ = {isa = PBXFileReference; lastKnownFileType = sourcecode.c.objc; path = LSPhotoSelectNavC.m; sourceTree = "<group>"; };
		53A52D632137E8B90061ECAD /* UIViewController+LSAuthorization.h */ = {isa = PBXFileReference; lastKnownFileType = sourcecode.c.h; path = "UIViewController+LSAuthorization.h"; sourceTree = "<group>"; };
		53A52D642137E8B90061ECAD /* UIViewController+LSAuthorization.m */ = {isa = PBXFileReference; lastKnownFileType = sourcecode.c.objc; path = "UIViewController+LSAuthorization.m"; sourceTree = "<group>"; };
		53B44C9E214F4FE300ECA86D /* LSSaveToAlbum.h */ = {isa = PBXFileReference; lastKnownFileType = sourcecode.c.h; path = LSSaveToAlbum.h; sourceTree = "<group>"; };
		53B44C9F214F4FE300ECA86D /* LSSaveToAlbum.m */ = {isa = PBXFileReference; lastKnownFileType = sourcecode.c.objc; path = LSSaveToAlbum.m; sourceTree = "<group>"; };
		53B44CA1214F575400ECA86D /* NSObject+LSAuthorization.h */ = {isa = PBXFileReference; lastKnownFileType = sourcecode.c.h; path = "NSObject+LSAuthorization.h"; sourceTree = "<group>"; };
		53B44CA2214F575400ECA86D /* NSObject+LSAuthorization.m */ = {isa = PBXFileReference; lastKnownFileType = sourcecode.c.objc; path = "NSObject+LSAuthorization.m"; sourceTree = "<group>"; };
		7C71942C98FECA72A03145AF /* Pods-LSPhotoSelectUITests.debug.xcconfig */ = {isa = PBXFileReference; includeInIndex = 1; lastKnownFileType = text.xcconfig; name = "Pods-LSPhotoSelectUITests.debug.xcconfig"; path = "Pods/Target Support Files/Pods-LSPhotoSelectUITests/Pods-LSPhotoSelectUITests.debug.xcconfig"; sourceTree = "<group>"; };
		973262ABA689F4FE33D4C2F8 /* Pods-LSPhotoSelect.debug.xcconfig */ = {isa = PBXFileReference; includeInIndex = 1; lastKnownFileType = text.xcconfig; name = "Pods-LSPhotoSelect.debug.xcconfig"; path = "Pods/Target Support Files/Pods-LSPhotoSelect/Pods-LSPhotoSelect.debug.xcconfig"; sourceTree = "<group>"; };
		9A2BB3357F2B8BF746E3F04A /* libPods-LSPhotoSelectUITests.a */ = {isa = PBXFileReference; explicitFileType = archive.ar; includeInIndex = 0; path = "libPods-LSPhotoSelectUITests.a"; sourceTree = BUILT_PRODUCTS_DIR; };
		9ADB3144E12CD20AF9D26E81 /* Pods-LSPhotoSelectTests.debug.xcconfig */ = {isa = PBXFileReference; includeInIndex = 1; lastKnownFileType = text.xcconfig; name = "Pods-LSPhotoSelectTests.debug.xcconfig"; path = "Pods/Target Support Files/Pods-LSPhotoSelectTests/Pods-LSPhotoSelectTests.debug.xcconfig"; sourceTree = "<group>"; };
		A7832E99B5CAB7B2FB65CDEE /* Pods-LSPhotoSelectTests.release.xcconfig */ = {isa = PBXFileReference; includeInIndex = 1; lastKnownFileType = text.xcconfig; name = "Pods-LSPhotoSelectTests.release.xcconfig"; path = "Pods/Target Support Files/Pods-LSPhotoSelectTests/Pods-LSPhotoSelectTests.release.xcconfig"; sourceTree = "<group>"; };
		D21986B167359652EB6FFC8B /* Pods-LSPhotoSelectUITests.release.xcconfig */ = {isa = PBXFileReference; includeInIndex = 1; lastKnownFileType = text.xcconfig; name = "Pods-LSPhotoSelectUITests.release.xcconfig"; path = "Pods/Target Support Files/Pods-LSPhotoSelectUITests/Pods-LSPhotoSelectUITests.release.xcconfig"; sourceTree = "<group>"; };
		DEEE204A99829E0CA18D2710 /* libPods-LSPhotoSelect.a */ = {isa = PBXFileReference; explicitFileType = archive.ar; includeInIndex = 0; path = "libPods-LSPhotoSelect.a"; sourceTree = BUILT_PRODUCTS_DIR; };
/* End PBXFileReference section */

/* Begin PBXFrameworksBuildPhase section */
		53530E8421377CD90051D731 /* Frameworks */ = {
			isa = PBXFrameworksBuildPhase;
			buildActionMask = 2147483647;
			files = (
				54979C184CF5D77EF36CBE63 /* libPods-LSPhotoSelect.a in Frameworks */,
			);
			runOnlyForDeploymentPostprocessing = 0;
		};
		53530E9C21377CDC0051D731 /* Frameworks */ = {
			isa = PBXFrameworksBuildPhase;
			buildActionMask = 2147483647;
			files = (
				1B11BC066B221BD1FA3D30B4 /* libPods-LSPhotoSelectTests.a in Frameworks */,
			);
			runOnlyForDeploymentPostprocessing = 0;
		};
		53530EA721377CDC0051D731 /* Frameworks */ = {
			isa = PBXFrameworksBuildPhase;
			buildActionMask = 2147483647;
			files = (
				9A6DC4EB74F8EF1295BBE9DC /* libPods-LSPhotoSelectUITests.a in Frameworks */,
			);
			runOnlyForDeploymentPostprocessing = 0;
		};
/* End PBXFrameworksBuildPhase section */

/* Begin PBXGroup section */
		3CC68229ED2166B18C4C4475 /* Pods */ = {
			isa = PBXGroup;
			children = (
				973262ABA689F4FE33D4C2F8 /* Pods-LSPhotoSelect.debug.xcconfig */,
				3FD9EEEE95148A83BC6D17ED /* Pods-LSPhotoSelect.release.xcconfig */,
				9ADB3144E12CD20AF9D26E81 /* Pods-LSPhotoSelectTests.debug.xcconfig */,
				A7832E99B5CAB7B2FB65CDEE /* Pods-LSPhotoSelectTests.release.xcconfig */,
				7C71942C98FECA72A03145AF /* Pods-LSPhotoSelectUITests.debug.xcconfig */,
				D21986B167359652EB6FFC8B /* Pods-LSPhotoSelectUITests.release.xcconfig */,
			);
			name = Pods;
			sourceTree = "<group>";
		};
		5335299D2157370500E80558 /* LSPhotoSelect */ = {
			isa = PBXGroup;
			children = (
				53B44C9D214F4FA300ECA86D /* SaveToAlbum */,
				536369D3213D3118003446DF /* Category */,
				53A52D572137C09C0061ECAD /* PhotoBrowse */,
				53A52D4D2137803B0061ECAD /* PhotoSelect */,
			);
			path = LSPhotoSelect;
			sourceTree = "<group>";
		};
		53530E7E21377CD90051D731 = {
			isa = PBXGroup;
			children = (
				53530E8921377CD90051D731 /* LSPhotoSelect */,
				53530EA221377CDC0051D731 /* LSPhotoSelectTests */,
				53530EAD21377CDC0051D731 /* LSPhotoSelectUITests */,
				53530E8821377CD90051D731 /* Products */,
				3CC68229ED2166B18C4C4475 /* Pods */,
				758691DE39505EF0A61BA6F8 /* Frameworks */,
			);
			sourceTree = "<group>";
		};
		53530E8821377CD90051D731 /* Products */ = {
			isa = PBXGroup;
			children = (
				53530E8721377CD90051D731 /* LSPhotoSelect.app */,
				53530E9F21377CDC0051D731 /* LSPhotoSelectTests.xctest */,
				53530EAA21377CDC0051D731 /* LSPhotoSelectUITests.xctest */,
			);
			name = Products;
			sourceTree = "<group>";
		};
		53530E8921377CD90051D731 /* LSPhotoSelect */ = {
			isa = PBXGroup;
			children = (
				5335299D2157370500E80558 /* LSPhotoSelect */,
				53530E8A21377CD90051D731 /* AppDelegate.h */,
				53530E8B21377CD90051D731 /* AppDelegate.m */,
				53530E8D21377CD90051D731 /* ViewController.h */,
				53530E8E21377CD90051D731 /* ViewController.m */,
				53530E9021377CD90051D731 /* Main.storyboard */,
				53530E9321377CDC0051D731 /* Assets.xcassets */,
				53530E9521377CDC0051D731 /* LaunchScreen.storyboard */,
				53530E9821377CDC0051D731 /* Info.plist */,
				53530E9921377CDC0051D731 /* main.m */,
				53A52D5D2137C1AF0061ECAD /* LSPhotoSelector.h */,
			);
			path = LSPhotoSelect;
			sourceTree = "<group>";
		};
		53530EA221377CDC0051D731 /* LSPhotoSelectTests */ = {
			isa = PBXGroup;
			children = (
				53530EA321377CDC0051D731 /* LSPhotoSelectTests.m */,
				53530EA521377CDC0051D731 /* Info.plist */,
			);
			path = LSPhotoSelectTests;
			sourceTree = "<group>";
		};
		53530EAD21377CDC0051D731 /* LSPhotoSelectUITests */ = {
			isa = PBXGroup;
			children = (
				53530EAE21377CDC0051D731 /* LSPhotoSelectUITests.m */,
				53530EB021377CDC0051D731 /* Info.plist */,
			);
			path = LSPhotoSelectUITests;
			sourceTree = "<group>";
		};
		536369D3213D3118003446DF /* Category */ = {
			isa = PBXGroup;
			children = (
				53A52D612137E7E80061ECAD /* Authorization */,
				536369D4213D315F003446DF /* NSIndexSet+LSAdd.h */,
				536369D5213D315F003446DF /* NSIndexSet+LSAdd.m */,
				536369D7213D32D2003446DF /* LSCategory.h */,
			);
			path = Category;
			sourceTree = "<group>";
		};
		53A52D4D2137803B0061ECAD /* PhotoSelect */ = {
			isa = PBXGroup;
			children = (
				53A52D4E2137BF570061ECAD /* Controller */,
				53A52D502137BF630061ECAD /* Model */,
				53A52D4F2137BF5E0061ECAD /* View */,
				53A52D5C2137C12F0061ECAD /* LSPhotoSelect.h */,
				536369D2213CD13C003446DF /* LSPhotoSelectEnums.h */,
			);
			path = PhotoSelect;
			sourceTree = "<group>";
		};
		53A52D4E2137BF570061ECAD /* Controller */ = {
			isa = PBXGroup;
			children = (
				53A52D512137C0460061ECAD /* LSAssetCollectionListVC.h */,
				53A52D522137C0460061ECAD /* LSAssetCollectionListVC.m */,
				53A52D542137C05E0061ECAD /* LSAssetCollectionVC.h */,
				53A52D552137C05E0061ECAD /* LSAssetCollectionVC.m */,
				53A52D5E2137C4130061ECAD /* LSPhotoSelectNavC.h */,
				53A52D5F2137C4130061ECAD /* LSPhotoSelectNavC.m */,
			);
			path = Controller;
			sourceTree = "<group>";
		};
		53A52D4F2137BF5E0061ECAD /* View */ = {
			isa = PBXGroup;
			children = (
				53536B172138D5C3005D6A0C /* LSAlbumListCell.h */,
				53536B182138D5C3005D6A0C /* LSAlbumListCell.m */,
				53536B1C213920E7005D6A0C /* LSAssetItemCell.h */,
				53536B1D213920E7005D6A0C /* LSAssetItemCell.m */,
				5321500A2140DB61006C058E /* LSAssetCollectionToolBar.h */,
				5321500B2140DB61006C058E /* LSAssetCollectionToolBar.m */,
			);
			path = View;
			sourceTree = "<group>";
		};
		53A52D502137BF630061ECAD /* Model */ = {
			isa = PBXGroup;
			children = (
				53536B142138D2BB005D6A0C /* LSAlbumModel.h */,
				53536B152138D2BB005D6A0C /* LSAlbumModel.m */,
			);
			path = Model;
			sourceTree = "<group>";
		};
		53A52D572137C09C0061ECAD /* PhotoBrowse */ = {
			isa = PBXGroup;
			children = (
				53A52D582137C0B50061ECAD /* Controller */,
				53A52D5A2137C0C20061ECAD /* Model */,
				53A52D592137C0BC0061ECAD /* View */,
				53A52D5B2137C11C0061ECAD /* LSPhotoBrowse.h */,
			);
			path = PhotoBrowse;
			sourceTree = "<group>";
		};
		53A52D582137C0B50061ECAD /* Controller */ = {
			isa = PBXGroup;
			children = (
			);
			path = Controller;
			sourceTree = "<group>";
		};
		53A52D592137C0BC0061ECAD /* View */ = {
			isa = PBXGroup;
			children = (
			);
			path = View;
			sourceTree = "<group>";
		};
		53A52D5A2137C0C20061ECAD /* Model */ = {
			isa = PBXGroup;
			children = (
			);
			path = Model;
			sourceTree = "<group>";
		};
		53A52D612137E7E80061ECAD /* Authorization */ = {
			isa = PBXGroup;
			children = (
				53A52D632137E8B90061ECAD /* UIViewController+LSAuthorization.h */,
				53A52D642137E8B90061ECAD /* UIViewController+LSAuthorization.m */,
				53B44CA1214F575400ECA86D /* NSObject+LSAuthorization.h */,
				53B44CA2214F575400ECA86D /* NSObject+LSAuthorization.m */,
			);
			path = Authorization;
			sourceTree = "<group>";
		};
		53B44C9D214F4FA300ECA86D /* SaveToAlbum */ = {
			isa = PBXGroup;
			children = (
				53B44C9E214F4FE300ECA86D /* LSSaveToAlbum.h */,
				53B44C9F214F4FE300ECA86D /* LSSaveToAlbum.m */,
			);
			path = SaveToAlbum;
			sourceTree = "<group>";
		};
		758691DE39505EF0A61BA6F8 /* Frameworks */ = {
			isa = PBXGroup;
			children = (
				DEEE204A99829E0CA18D2710 /* libPods-LSPhotoSelect.a */,
				06E67A0BC68F267A7D9E2DFE /* libPods-LSPhotoSelectTests.a */,
				9A2BB3357F2B8BF746E3F04A /* libPods-LSPhotoSelectUITests.a */,
			);
			name = Frameworks;
			sourceTree = "<group>";
		};
/* End PBXGroup section */

/* Begin PBXNativeTarget section */
		53530E8621377CD90051D731 /* LSPhotoSelect */ = {
			isa = PBXNativeTarget;
			buildConfigurationList = 53530EB321377CDC0051D731 /* Build configuration list for PBXNativeTarget "LSPhotoSelect" */;
			buildPhases = (
				9E90B467E2892E101007A3D1 /* [CP] Check Pods Manifest.lock */,
				53530E8321377CD90051D731 /* Sources */,
				53530E8421377CD90051D731 /* Frameworks */,
				53530E8521377CD90051D731 /* Resources */,
			);
			buildRules = (
			);
			dependencies = (
			);
			name = LSPhotoSelect;
			productName = LSPhotoSelect;
			productReference = 53530E8721377CD90051D731 /* LSPhotoSelect.app */;
			productType = "com.apple.product-type.application";
		};
		53530E9E21377CDC0051D731 /* LSPhotoSelectTests */ = {
			isa = PBXNativeTarget;
			buildConfigurationList = 53530EB621377CDC0051D731 /* Build configuration list for PBXNativeTarget "LSPhotoSelectTests" */;
			buildPhases = (
				890F05CD633A3B5F137FD69F /* [CP] Check Pods Manifest.lock */,
				53530E9B21377CDC0051D731 /* Sources */,
				53530E9C21377CDC0051D731 /* Frameworks */,
				53530E9D21377CDC0051D731 /* Resources */,
			);
			buildRules = (
			);
			dependencies = (
				53530EA121377CDC0051D731 /* PBXTargetDependency */,
			);
			name = LSPhotoSelectTests;
			productName = LSPhotoSelectTests;
			productReference = 53530E9F21377CDC0051D731 /* LSPhotoSelectTests.xctest */;
			productType = "com.apple.product-type.bundle.unit-test";
		};
		53530EA921377CDC0051D731 /* LSPhotoSelectUITests */ = {
			isa = PBXNativeTarget;
			buildConfigurationList = 53530EB921377CDC0051D731 /* Build configuration list for PBXNativeTarget "LSPhotoSelectUITests" */;
			buildPhases = (
				AAB5B3A97F5042FD280EC484 /* [CP] Check Pods Manifest.lock */,
				53530EA621377CDC0051D731 /* Sources */,
				53530EA721377CDC0051D731 /* Frameworks */,
				53530EA821377CDC0051D731 /* Resources */,
			);
			buildRules = (
			);
			dependencies = (
				53530EAC21377CDC0051D731 /* PBXTargetDependency */,
			);
			name = LSPhotoSelectUITests;
			productName = LSPhotoSelectUITests;
			productReference = 53530EAA21377CDC0051D731 /* LSPhotoSelectUITests.xctest */;
			productType = "com.apple.product-type.bundle.ui-testing";
		};
/* End PBXNativeTarget section */

/* Begin PBXProject section */
		53530E7F21377CD90051D731 /* Project object */ = {
			isa = PBXProject;
			attributes = {
				CLASSPREFIX = LS;
				LastUpgradeCheck = 0940;
				ORGANIZATIONNAME = "Shuang Lau";
				TargetAttributes = {
					53530E8621377CD90051D731 = {
						CreatedOnToolsVersion = 9.4.1;
					};
					53530E9E21377CDC0051D731 = {
						CreatedOnToolsVersion = 9.4.1;
						TestTargetID = 53530E8621377CD90051D731;
					};
					53530EA921377CDC0051D731 = {
						CreatedOnToolsVersion = 9.4.1;
						TestTargetID = 53530E8621377CD90051D731;
					};
				};
			};
			buildConfigurationList = 53530E8221377CD90051D731 /* Build configuration list for PBXProject "LSPhotoSelect" */;
			compatibilityVersion = "Xcode 9.3";
			developmentRegion = en;
			hasScannedForEncodings = 0;
			knownRegions = (
				en,
				Base,
			);
			mainGroup = 53530E7E21377CD90051D731;
			productRefGroup = 53530E8821377CD90051D731 /* Products */;
			projectDirPath = "";
			projectRoot = "";
			targets = (
				53530E8621377CD90051D731 /* LSPhotoSelect */,
				53530E9E21377CDC0051D731 /* LSPhotoSelectTests */,
				53530EA921377CDC0051D731 /* LSPhotoSelectUITests */,
			);
		};
/* End PBXProject section */

/* Begin PBXResourcesBuildPhase section */
		53530E8521377CD90051D731 /* Resources */ = {
			isa = PBXResourcesBuildPhase;
			buildActionMask = 2147483647;
			files = (
				53530E9721377CDC0051D731 /* LaunchScreen.storyboard in Resources */,
				53530E9421377CDC0051D731 /* Assets.xcassets in Resources */,
				53530E9221377CD90051D731 /* Main.storyboard in Resources */,
			);
			runOnlyForDeploymentPostprocessing = 0;
		};
		53530E9D21377CDC0051D731 /* Resources */ = {
			isa = PBXResourcesBuildPhase;
			buildActionMask = 2147483647;
			files = (
			);
			runOnlyForDeploymentPostprocessing = 0;
		};
		53530EA821377CDC0051D731 /* Resources */ = {
			isa = PBXResourcesBuildPhase;
			buildActionMask = 2147483647;
			files = (
			);
			runOnlyForDeploymentPostprocessing = 0;
		};
/* End PBXResourcesBuildPhase section */

/* Begin PBXShellScriptBuildPhase section */
		890F05CD633A3B5F137FD69F /* [CP] Check Pods Manifest.lock */ = {
			isa = PBXShellScriptBuildPhase;
			buildActionMask = 2147483647;
			files = (
			);
			inputPaths = (
				"${PODS_PODFILE_DIR_PATH}/Podfile.lock",
				"${PODS_ROOT}/Manifest.lock",
			);
			name = "[CP] Check Pods Manifest.lock";
			outputPaths = (
				"$(DERIVED_FILE_DIR)/Pods-LSPhotoSelectTests-checkManifestLockResult.txt",
			);
			runOnlyForDeploymentPostprocessing = 0;
			shellPath = /bin/sh;
			shellScript = "diff \"${PODS_PODFILE_DIR_PATH}/Podfile.lock\" \"${PODS_ROOT}/Manifest.lock\" > /dev/null\nif [ $? != 0 ] ; then\n    # print error to STDERR\n    echo \"error: The sandbox is not in sync with the Podfile.lock. Run 'pod install' or update your CocoaPods installation.\" >&2\n    exit 1\nfi\n# This output is used by Xcode 'outputs' to avoid re-running this script phase.\necho \"SUCCESS\" > \"${SCRIPT_OUTPUT_FILE_0}\"\n";
			showEnvVarsInLog = 0;
		};
		9E90B467E2892E101007A3D1 /* [CP] Check Pods Manifest.lock */ = {
			isa = PBXShellScriptBuildPhase;
			buildActionMask = 2147483647;
			files = (
			);
			inputPaths = (
				"${PODS_PODFILE_DIR_PATH}/Podfile.lock",
				"${PODS_ROOT}/Manifest.lock",
			);
			name = "[CP] Check Pods Manifest.lock";
			outputPaths = (
				"$(DERIVED_FILE_DIR)/Pods-LSPhotoSelect-checkManifestLockResult.txt",
			);
			runOnlyForDeploymentPostprocessing = 0;
			shellPath = /bin/sh;
			shellScript = "diff \"${PODS_PODFILE_DIR_PATH}/Podfile.lock\" \"${PODS_ROOT}/Manifest.lock\" > /dev/null\nif [ $? != 0 ] ; then\n    # print error to STDERR\n    echo \"error: The sandbox is not in sync with the Podfile.lock. Run 'pod install' or update your CocoaPods installation.\" >&2\n    exit 1\nfi\n# This output is used by Xcode 'outputs' to avoid re-running this script phase.\necho \"SUCCESS\" > \"${SCRIPT_OUTPUT_FILE_0}\"\n";
			showEnvVarsInLog = 0;
		};
		AAB5B3A97F5042FD280EC484 /* [CP] Check Pods Manifest.lock */ = {
			isa = PBXShellScriptBuildPhase;
			buildActionMask = 2147483647;
			files = (
			);
			inputPaths = (
				"${PODS_PODFILE_DIR_PATH}/Podfile.lock",
				"${PODS_ROOT}/Manifest.lock",
			);
			name = "[CP] Check Pods Manifest.lock";
			outputPaths = (
				"$(DERIVED_FILE_DIR)/Pods-LSPhotoSelectUITests-checkManifestLockResult.txt",
			);
			runOnlyForDeploymentPostprocessing = 0;
			shellPath = /bin/sh;
			shellScript = "diff \"${PODS_PODFILE_DIR_PATH}/Podfile.lock\" \"${PODS_ROOT}/Manifest.lock\" > /dev/null\nif [ $? != 0 ] ; then\n    # print error to STDERR\n    echo \"error: The sandbox is not in sync with the Podfile.lock. Run 'pod install' or update your CocoaPods installation.\" >&2\n    exit 1\nfi\n# This output is used by Xcode 'outputs' to avoid re-running this script phase.\necho \"SUCCESS\" > \"${SCRIPT_OUTPUT_FILE_0}\"\n";
			showEnvVarsInLog = 0;
		};
/* End PBXShellScriptBuildPhase section */

/* Begin PBXSourcesBuildPhase section */
		53530E8321377CD90051D731 /* Sources */ = {
			isa = PBXSourcesBuildPhase;
			buildActionMask = 2147483647;
			files = (
				536369D6213D315F003446DF /* NSIndexSet+LSAdd.m in Sources */,
				53A52D532137C0460061ECAD /* LSAssetCollectionListVC.m in Sources */,
				53B44CA0214F4FE300ECA86D /* LSSaveToAlbum.m in Sources */,
				53A52D602137C4130061ECAD /* LSPhotoSelectNavC.m in Sources */,
				5321500C2140DB61006C058E /* LSAssetCollectionToolBar.m in Sources */,
				53536B162138D2BB005D6A0C /* LSAlbumModel.m in Sources */,
				53A52D652137E8B90061ECAD /* UIViewController+LSAuthorization.m in Sources */,
				53530E8F21377CD90051D731 /* ViewController.m in Sources */,
				53B44CA3214F575400ECA86D /* NSObject+LSAuthorization.m in Sources */,
				53536B192138D5C3005D6A0C /* LSAlbumListCell.m in Sources */,
				53A52D562137C05E0061ECAD /* LSAssetCollectionVC.m in Sources */,
				53536B1E213920E7005D6A0C /* LSAssetItemCell.m in Sources */,
				53530E9A21377CDC0051D731 /* main.m in Sources */,
				53530E8C21377CD90051D731 /* AppDelegate.m in Sources */,
			);
			runOnlyForDeploymentPostprocessing = 0;
		};
		53530E9B21377CDC0051D731 /* Sources */ = {
			isa = PBXSourcesBuildPhase;
			buildActionMask = 2147483647;
			files = (
				53530EA421377CDC0051D731 /* LSPhotoSelectTests.m in Sources */,
			);
			runOnlyForDeploymentPostprocessing = 0;
		};
		53530EA621377CDC0051D731 /* Sources */ = {
			isa = PBXSourcesBuildPhase;
			buildActionMask = 2147483647;
			files = (
				53530EAF21377CDC0051D731 /* LSPhotoSelectUITests.m in Sources */,
			);
			runOnlyForDeploymentPostprocessing = 0;
		};
/* End PBXSourcesBuildPhase section */

/* Begin PBXTargetDependency section */
		53530EA121377CDC0051D731 /* PBXTargetDependency */ = {
			isa = PBXTargetDependency;
			target = 53530E8621377CD90051D731 /* LSPhotoSelect */;
			targetProxy = 53530EA021377CDC0051D731 /* PBXContainerItemProxy */;
		};
		53530EAC21377CDC0051D731 /* PBXTargetDependency */ = {
			isa = PBXTargetDependency;
			target = 53530E8621377CD90051D731 /* LSPhotoSelect */;
			targetProxy = 53530EAB21377CDC0051D731 /* PBXContainerItemProxy */;
		};
/* End PBXTargetDependency section */

/* Begin PBXVariantGroup section */
		53530E9021377CD90051D731 /* Main.storyboard */ = {
			isa = PBXVariantGroup;
			children = (
				53530E9121377CD90051D731 /* Base */,
				53536B1A2138EA3E005D6A0C /* zh-Hans */,
			);
			name = Main.storyboard;
			sourceTree = "<group>";
		};
		53530E9521377CDC0051D731 /* LaunchScreen.storyboard */ = {
			isa = PBXVariantGroup;
			children = (
				53530E9621377CDC0051D731 /* Base */,
				53536B1B2138EA3E005D6A0C /* zh-Hans */,
			);
			name = LaunchScreen.storyboard;
			sourceTree = "<group>";
		};
/* End PBXVariantGroup section */

/* Begin XCBuildConfiguration section */
		53530EB121377CDC0051D731 /* Debug */ = {
			isa = XCBuildConfiguration;
			buildSettings = {
				ALWAYS_SEARCH_USER_PATHS = NO;
				CLANG_ANALYZER_LOCALIZABILITY_NONLOCALIZED = YES;
				CLANG_ANALYZER_NONNULL = YES;
				CLANG_ANALYZER_NUMBER_OBJECT_CONVERSION = YES_AGGRESSIVE;
				CLANG_CXX_LANGUAGE_STANDARD = "gnu++14";
				CLANG_CXX_LIBRARY = "libc++";
				CLANG_ENABLE_MODULES = YES;
				CLANG_ENABLE_OBJC_ARC = YES;
				CLANG_ENABLE_OBJC_WEAK = YES;
				CLANG_WARN_BLOCK_CAPTURE_AUTORELEASING = YES;
				CLANG_WARN_BOOL_CONVERSION = YES;
				CLANG_WARN_COMMA = YES;
				CLANG_WARN_CONSTANT_CONVERSION = YES;
				CLANG_WARN_DEPRECATED_OBJC_IMPLEMENTATIONS = YES;
				CLANG_WARN_DIRECT_OBJC_ISA_USAGE = YES_ERROR;
				CLANG_WARN_DOCUMENTATION_COMMENTS = YES;
				CLANG_WARN_EMPTY_BODY = YES;
				CLANG_WARN_ENUM_CONVERSION = YES;
				CLANG_WARN_INFINITE_RECURSION = YES;
				CLANG_WARN_INT_CONVERSION = YES;
				CLANG_WARN_NON_LITERAL_NULL_CONVERSION = YES;
				CLANG_WARN_OBJC_IMPLICIT_RETAIN_SELF = YES;
				CLANG_WARN_OBJC_LITERAL_CONVERSION = YES;
				CLANG_WARN_OBJC_ROOT_CLASS = YES_ERROR;
				CLANG_WARN_RANGE_LOOP_ANALYSIS = YES;
				CLANG_WARN_STRICT_PROTOTYPES = YES;
				CLANG_WARN_SUSPICIOUS_MOVE = YES;
				CLANG_WARN_UNGUARDED_AVAILABILITY = YES_AGGRESSIVE;
				CLANG_WARN_UNREACHABLE_CODE = YES;
				CLANG_WARN__DUPLICATE_METHOD_MATCH = YES;
				CODE_SIGN_IDENTITY = "iPhone Developer";
				COPY_PHASE_STRIP = NO;
				DEBUG_INFORMATION_FORMAT = dwarf;
				ENABLE_STRICT_OBJC_MSGSEND = YES;
				ENABLE_TESTABILITY = YES;
				GCC_C_LANGUAGE_STANDARD = gnu11;
				GCC_DYNAMIC_NO_PIC = NO;
				GCC_NO_COMMON_BLOCKS = YES;
				GCC_OPTIMIZATION_LEVEL = 0;
				GCC_PREPROCESSOR_DEFINITIONS = (
					"DEBUG=1",
					"$(inherited)",
				);
				GCC_WARN_64_TO_32_BIT_CONVERSION = YES;
				GCC_WARN_ABOUT_RETURN_TYPE = YES_ERROR;
				GCC_WARN_UNDECLARED_SELECTOR = YES;
				GCC_WARN_UNINITIALIZED_AUTOS = YES_AGGRESSIVE;
				GCC_WARN_UNUSED_FUNCTION = YES;
				GCC_WARN_UNUSED_VARIABLE = YES;
				IPHONEOS_DEPLOYMENT_TARGET = 11.4;
				MTL_ENABLE_DEBUG_INFO = YES;
				ONLY_ACTIVE_ARCH = YES;
				SDKROOT = iphoneos;
			};
			name = Debug;
		};
		53530EB221377CDC0051D731 /* Release */ = {
			isa = XCBuildConfiguration;
			buildSettings = {
				ALWAYS_SEARCH_USER_PATHS = NO;
				CLANG_ANALYZER_LOCALIZABILITY_NONLOCALIZED = YES;
				CLANG_ANALYZER_NONNULL = YES;
				CLANG_ANALYZER_NUMBER_OBJECT_CONVERSION = YES_AGGRESSIVE;
				CLANG_CXX_LANGUAGE_STANDARD = "gnu++14";
				CLANG_CXX_LIBRARY = "libc++";
				CLANG_ENABLE_MODULES = YES;
				CLANG_ENABLE_OBJC_ARC = YES;
				CLANG_ENABLE_OBJC_WEAK = YES;
				CLANG_WARN_BLOCK_CAPTURE_AUTORELEASING = YES;
				CLANG_WARN_BOOL_CONVERSION = YES;
				CLANG_WARN_COMMA = YES;
				CLANG_WARN_CONSTANT_CONVERSION = YES;
				CLANG_WARN_DEPRECATED_OBJC_IMPLEMENTATIONS = YES;
				CLANG_WARN_DIRECT_OBJC_ISA_USAGE = YES_ERROR;
				CLANG_WARN_DOCUMENTATION_COMMENTS = YES;
				CLANG_WARN_EMPTY_BODY = YES;
				CLANG_WARN_ENUM_CONVERSION = YES;
				CLANG_WARN_INFINITE_RECURSION = YES;
				CLANG_WARN_INT_CONVERSION = YES;
				CLANG_WARN_NON_LITERAL_NULL_CONVERSION = YES;
				CLANG_WARN_OBJC_IMPLICIT_RETAIN_SELF = YES;
				CLANG_WARN_OBJC_LITERAL_CONVERSION = YES;
				CLANG_WARN_OBJC_ROOT_CLASS = YES_ERROR;
				CLANG_WARN_RANGE_LOOP_ANALYSIS = YES;
				CLANG_WARN_STRICT_PROTOTYPES = YES;
				CLANG_WARN_SUSPICIOUS_MOVE = YES;
				CLANG_WARN_UNGUARDED_AVAILABILITY = YES_AGGRESSIVE;
				CLANG_WARN_UNREACHABLE_CODE = YES;
				CLANG_WARN__DUPLICATE_METHOD_MATCH = YES;
				CODE_SIGN_IDENTITY = "iPhone Developer";
				COPY_PHASE_STRIP = NO;
				DEBUG_INFORMATION_FORMAT = "dwarf-with-dsym";
				ENABLE_NS_ASSERTIONS = NO;
				ENABLE_STRICT_OBJC_MSGSEND = YES;
				GCC_C_LANGUAGE_STANDARD = gnu11;
				GCC_NO_COMMON_BLOCKS = YES;
				GCC_WARN_64_TO_32_BIT_CONVERSION = YES;
				GCC_WARN_ABOUT_RETURN_TYPE = YES_ERROR;
				GCC_WARN_UNDECLARED_SELECTOR = YES;
				GCC_WARN_UNINITIALIZED_AUTOS = YES_AGGRESSIVE;
				GCC_WARN_UNUSED_FUNCTION = YES;
				GCC_WARN_UNUSED_VARIABLE = YES;
				IPHONEOS_DEPLOYMENT_TARGET = 11.4;
				MTL_ENABLE_DEBUG_INFO = NO;
				SDKROOT = iphoneos;
				VALIDATE_PRODUCT = YES;
			};
			name = Release;
		};
		53530EB421377CDC0051D731 /* Debug */ = {
			isa = XCBuildConfiguration;
			baseConfigurationReference = 973262ABA689F4FE33D4C2F8 /* Pods-LSPhotoSelect.debug.xcconfig */;
			buildSettings = {
				ASSETCATALOG_COMPILER_APPICON_NAME = AppIcon;
				CODE_SIGN_STYLE = Automatic;
				DEVELOPMENT_TEAM = 5C6T98C8KA;
				GCC_PREFIX_HEADER = /Users/lius/Documents/GitHub/LSPhotoSelect/LSPhotoSelect/LSPhotoSelector.h;
				INFOPLIST_FILE = LSPhotoSelect/Info.plist;
				IPHONEOS_DEPLOYMENT_TARGET = 8.0;
				LD_RUNPATH_SEARCH_PATHS = (
					"$(inherited)",
					"@executable_path/Frameworks",
				);
				PRODUCT_BUNDLE_IDENTIFIER = Lius.LSPhotoSelect;
				PRODUCT_NAME = "$(TARGET_NAME)";
				TARGETED_DEVICE_FAMILY = "1,2";
			};
			name = Debug;
		};
		53530EB521377CDC0051D731 /* Release */ = {
			isa = XCBuildConfiguration;
			baseConfigurationReference = 3FD9EEEE95148A83BC6D17ED /* Pods-LSPhotoSelect.release.xcconfig */;
			buildSettings = {
				ASSETCATALOG_COMPILER_APPICON_NAME = AppIcon;
				CODE_SIGN_STYLE = Automatic;
				DEVELOPMENT_TEAM = 5C6T98C8KA;
				GCC_PREFIX_HEADER = /Users/lius/Documents/GitHub/LSPhotoSelect/LSPhotoSelect/LSPhotoSelector.h;
				INFOPLIST_FILE = LSPhotoSelect/Info.plist;
				IPHONEOS_DEPLOYMENT_TARGET = 8.0;
				LD_RUNPATH_SEARCH_PATHS = (
					"$(inherited)",
					"@executable_path/Frameworks",
				);
				PRODUCT_BUNDLE_IDENTIFIER = Lius.LSPhotoSelect;
				PRODUCT_NAME = "$(TARGET_NAME)";
				TARGETED_DEVICE_FAMILY = "1,2";
			};
			name = Release;
		};
		53530EB721377CDC0051D731 /* Debug */ = {
			isa = XCBuildConfiguration;
			baseConfigurationReference = 9ADB3144E12CD20AF9D26E81 /* Pods-LSPhotoSelectTests.debug.xcconfig */;
			buildSettings = {
				BUNDLE_LOADER = "$(TEST_HOST)";
				CODE_SIGN_STYLE = Automatic;
				DEVELOPMENT_TEAM = 5C6T98C8KA;
				INFOPLIST_FILE = LSPhotoSelectTests/Info.plist;
				LD_RUNPATH_SEARCH_PATHS = (
					"$(inherited)",
					"@executable_path/Frameworks",
					"@loader_path/Frameworks",
				);
				PRODUCT_BUNDLE_IDENTIFIER = Lius.LSPhotoSelectTests;
				PRODUCT_NAME = "$(TARGET_NAME)";
				TARGETED_DEVICE_FAMILY = "1,2";
				TEST_HOST = "$(BUILT_PRODUCTS_DIR)/LSPhotoSelect.app/LSPhotoSelect";
			};
			name = Debug;
		};
		53530EB821377CDC0051D731 /* Release */ = {
			isa = XCBuildConfiguration;
			baseConfigurationReference = A7832E99B5CAB7B2FB65CDEE /* Pods-LSPhotoSelectTests.release.xcconfig */;
			buildSettings = {
				BUNDLE_LOADER = "$(TEST_HOST)";
				CODE_SIGN_STYLE = Automatic;
				DEVELOPMENT_TEAM = 5C6T98C8KA;
				INFOPLIST_FILE = LSPhotoSelectTests/Info.plist;
				LD_RUNPATH_SEARCH_PATHS = (
					"$(inherited)",
					"@executable_path/Frameworks",
					"@loader_path/Frameworks",
				);
				PRODUCT_BUNDLE_IDENTIFIER = Lius.LSPhotoSelectTests;
				PRODUCT_NAME = "$(TARGET_NAME)";
				TARGETED_DEVICE_FAMILY = "1,2";
				TEST_HOST = "$(BUILT_PRODUCTS_DIR)/LSPhotoSelect.app/LSPhotoSelect";
			};
			name = Release;
		};
		53530EBA21377CDC0051D731 /* Debug */ = {
			isa = XCBuildConfiguration;
			baseConfigurationReference = 7C71942C98FECA72A03145AF /* Pods-LSPhotoSelectUITests.debug.xcconfig */;
			buildSettings = {
				CODE_SIGN_STYLE = Automatic;
				DEVELOPMENT_TEAM = 5C6T98C8KA;
				INFOPLIST_FILE = LSPhotoSelectUITests/Info.plist;
				LD_RUNPATH_SEARCH_PATHS = (
					"$(inherited)",
					"@executable_path/Frameworks",
					"@loader_path/Frameworks",
				);
				PRODUCT_BUNDLE_IDENTIFIER = Lius.LSPhotoSelectUITests;
				PRODUCT_NAME = "$(TARGET_NAME)";
				TARGETED_DEVICE_FAMILY = "1,2";
				TEST_TARGET_NAME = LSPhotoSelect;
			};
			name = Debug;
		};
		53530EBB21377CDC0051D731 /* Release */ = {
			isa = XCBuildConfiguration;
			baseConfigurationReference = D21986B167359652EB6FFC8B /* Pods-LSPhotoSelectUITests.release.xcconfig */;
			buildSettings = {
				CODE_SIGN_STYLE = Automatic;
				DEVELOPMENT_TEAM = 5C6T98C8KA;
				INFOPLIST_FILE = LSPhotoSelectUITests/Info.plist;
				LD_RUNPATH_SEARCH_PATHS = (
					"$(inherited)",
					"@executable_path/Frameworks",
					"@loader_path/Frameworks",
				);
				PRODUCT_BUNDLE_IDENTIFIER = Lius.LSPhotoSelectUITests;
				PRODUCT_NAME = "$(TARGET_NAME)";
				TARGETED_DEVICE_FAMILY = "1,2";
				TEST_TARGET_NAME = LSPhotoSelect;
			};
			name = Release;
		};
/* End XCBuildConfiguration section */

/* Begin XCConfigurationList section */
		53530E8221377CD90051D731 /* Build configuration list for PBXProject "LSPhotoSelect" */ = {
			isa = XCConfigurationList;
			buildConfigurations = (
				53530EB121377CDC0051D731 /* Debug */,
				53530EB221377CDC0051D731 /* Release */,
			);
			defaultConfigurationIsVisible = 0;
			defaultConfigurationName = Release;
		};
		53530EB321377CDC0051D731 /* Build configuration list for PBXNativeTarget "LSPhotoSelect" */ = {
			isa = XCConfigurationList;
			buildConfigurations = (
				53530EB421377CDC0051D731 /* Debug */,
				53530EB521377CDC0051D731 /* Release */,
			);
			defaultConfigurationIsVisible = 0;
			defaultConfigurationName = Release;
		};
		53530EB621377CDC0051D731 /* Build configuration list for PBXNativeTarget "LSPhotoSelectTests" */ = {
			isa = XCConfigurationList;
			buildConfigurations = (
				53530EB721377CDC0051D731 /* Debug */,
				53530EB821377CDC0051D731 /* Release */,
			);
			defaultConfigurationIsVisible = 0;
			defaultConfigurationName = Release;
		};
		53530EB921377CDC0051D731 /* Build configuration list for PBXNativeTarget "LSPhotoSelectUITests" */ = {
			isa = XCConfigurationList;
			buildConfigurations = (
				53530EBA21377CDC0051D731 /* Debug */,
				53530EBB21377CDC0051D731 /* Release */,
			);
			defaultConfigurationIsVisible = 0;
			defaultConfigurationName = Release;
		};
/* End XCConfigurationList section */
	};
	rootObject = 53530E7F21377CD90051D731 /* Project object */;
}
